# THIS IS AN AUTOGENERATED FILE. DO NOT EDIT THIS FILE DIRECTLY.
# yarn lockfile v1


"@apollo/utils.keyvaluecache@^3.1.0":
  version "3.1.0"
  resolved "https://registry.yarnpkg.com/@apollo/utils.keyvaluecache/-/utils.keyvaluecache-3.1.0.tgz#acda4c4b1906233dcca3239d77c5d75b3058a81f"
  integrity sha512-MM/DKIqpQQbuNG1gNPAlGc45THdWkroTmN8o/J09merFwf/LlZ7+lAfcHFDXIYIknwKmUjJrOMS3OxYbjrz2hA==
  dependencies:
    "@apollo/utils.logger" "^3.0.0"
    lru-cache "^10.0.0"

"@apollo/utils.logger@^3.0.0":
  version "3.0.0"
  resolved "https://registry.yarnpkg.com/@apollo/utils.logger/-/utils.logger-3.0.0.tgz#5b67de1e476bdfa8be70bfaa05c7e65a6a427960"
  integrity sha512-M8V8JOTH0F2qEi+ktPfw4RL7MvUycDfKp7aEap2eWXfL5SqWHN6jTLbj5f5fj1cceHpyaUSOZlvlaaryaxZAmg==

lru-cache@^10.0.0:
  version "10.4.3"
  resolved "https://registry.yarnpkg.com/lru-cache/-/lru-cache-10.4.3.tgz#410fc8a17b70e598013df257c2446b7f3383f119"
  integrity sha512-JNAzZcXrCt42VGLuYz0zfAzDfAvJWW6AfYlDBQyDV5DClI2m5sAmK+OIO7s59XfsRsWHp02jAJrRadPRGTt6SQ==
